
Microsoft Visual Studio Solution File, Format Version 12.00
# Visual Studio Version 16
VisualStudioVersion = 16.0.29709.97
MinimumVisualStudioVersion = 10.0.40219.1
Project("{FAE04EC0-301F-11D3-BF4B-00C04F79EFBC}") = "CodePractice", "CodePractice\CodePractice.csproj", "{F9E42806-28B1-49C5-9193-A9D12B3A75D0}"
EndProject
Global
	GlobalSection(SolutionConfigurationPlatforms) = preSolution
		Debug|Any CPU = Debug|Any CPU
		Release|Any CPU = Release|Any CPU
	EndGlobalSection
	GlobalSection(ProjectConfigurationPlatforms) = postSolution
		{F9E42806-28B1-49C5-9193-A9D12B3A75D0}.Debug|Any CPU.ActiveCfg = Debug|Any CPU
		{F9E42806-28B1-49C5-9193-A9D12B3A75D0}.Debug|Any CPU.Build.0 = Debug|Any CPU
		{F9E42806-28B1-49C5-9193-A9D12B3A75D0}.Release|Any CPU.ActiveCfg = Release|Any CPU
		{F9E42806-28B1-49C5-9193-A9D12B3A75D0}.Release|Any CPU.Build.0 = Release|Any CPU
	EndGlobalSection
	GlobalSection(SolutionProperties) = preSolution
		HideSolutionNode = FALSE
	EndGlobalSection
	GlobalSection(ExtensibilityGlobals) = postSolution
		SolutionGuid = {23665955-AB51-45E6-B35A-D42A860B8445}
	EndGlobalSection
EndGlobal
